
Microsoft Visual Studio Solution File, Format Version 12.00
# Visual Studio Version 17
VisualStudioVersion = 17.7.34221.43
MinimumVisualStudioVersion = 10.0.40219.1
Project("{FAE04EC0-301F-11D3-BF4B-00C04F79EFBC}") = "ProyectoFutbol", "ProyectoFutbol\ProyectoFutbol.csproj", "{A91C2D73-EAE8-41C0-9B04-FC339DF012E1}"
EndProject
Project("{FAE04EC0-301F-11D3-BF4B-00C04F79EFBC}") = "Modelos", "Modelos\Modelos.csproj", "{63701B24-AD01-4C23-83E7-62A37ED89707}"
EndProject
Project("{FAE04EC0-301F-11D3-BF4B-00C04F79EFBC}") = "Services", "Services\Services.csproj", "{2EF1A934-90E4-4D72-A629-32EE3CB34091}"
EndProject
Global
	GlobalSection(SolutionConfigurationPlatforms) = preSolution
		Debug|Any CPU = Debug|Any CPU
		Release|Any CPU = Release|Any CPU
	EndGlobalSection
	GlobalSection(ProjectConfigurationPlatforms) = postSolution
		{A91C2D73-EAE8-41C0-9B04-FC339DF012E1}.Debug|Any CPU.ActiveCfg = Debug|Any CPU
		{A91C2D73-EAE8-41C0-9B04-FC339DF012E1}.Debug|Any CPU.Build.0 = Debug|Any CPU
		{A91C2D73-EAE8-41C0-9B04-FC339DF012E1}.Release|Any CPU.ActiveCfg = Release|Any CPU
		{A91C2D73-EAE8-41C0-9B04-FC339DF012E1}.Release|Any CPU.Build.0 = Release|Any CPU
		{63701B24-AD01-4C23-83E7-62A37ED89707}.Debug|Any CPU.ActiveCfg = Debug|Any CPU
		{63701B24-AD01-4C23-83E7-62A37ED89707}.Debug|Any CPU.Build.0 = Debug|Any CPU
		{63701B24-AD01-4C23-83E7-62A37ED89707}.Release|Any CPU.ActiveCfg = Release|Any CPU
		{63701B24-AD01-4C23-83E7-62A37ED89707}.Release|Any CPU.Build.0 = Release|Any CPU
		{2EF1A934-90E4-4D72-A629-32EE3CB34091}.Debug|Any CPU.ActiveCfg = Debug|Any CPU
		{2EF1A934-90E4-4D72-A629-32EE3CB34091}.Debug|Any CPU.Build.0 = Debug|Any CPU
		{2EF1A934-90E4-4D72-A629-32EE3CB34091}.Release|Any CPU.ActiveCfg = Release|Any CPU
		{2EF1A934-90E4-4D72-A629-32EE3CB34091}.Release|Any CPU.Build.0 = Release|Any CPU
	EndGlobalSection
	GlobalSection(SolutionProperties) = preSolution
		HideSolutionNode = FALSE
	EndGlobalSection
	GlobalSection(ExtensibilityGlobals) = postSolution
		SolutionGuid = {EE04C779-4358-4ECA-931A-DEC3E6E13231}
	EndGlobalSection
EndGlobal
