
Microsoft Visual Studio Solution File, Format Version 12.00
# Visual Studio Version 17
VisualStudioVersion = 17.7.34221.43
MinimumVisualStudioVersion = 10.0.40219.1
Project("{FAE04EC0-301F-11D3-BF4B-00C04F79EFBC}") = "ParaExamenFutbol", "ParaExamenFutbol\ParaExamenFutbol.csproj", "{03B86FCF-685B-4F8D-A5E3-00BDC150A9C7}"
EndProject
Project("{FAE04EC0-301F-11D3-BF4B-00C04F79EFBC}") = "Modelos", "Modelos\Modelos.csproj", "{3F867933-6AC5-47DE-995B-B73376872643}"
EndProject
Project("{FAE04EC0-301F-11D3-BF4B-00C04F79EFBC}") = "Service", "Service\Service.csproj", "{6CD3EBE9-7351-424E-A7FA-075BB850737B}"
EndProject
Global
	GlobalSection(SolutionConfigurationPlatforms) = preSolution
		Debug|Any CPU = Debug|Any CPU
		Release|Any CPU = Release|Any CPU
	EndGlobalSection
	GlobalSection(ProjectConfigurationPlatforms) = postSolution
		{03B86FCF-685B-4F8D-A5E3-00BDC150A9C7}.Debug|Any CPU.ActiveCfg = Debug|Any CPU
		{03B86FCF-685B-4F8D-A5E3-00BDC150A9C7}.Debug|Any CPU.Build.0 = Debug|Any CPU
		{03B86FCF-685B-4F8D-A5E3-00BDC150A9C7}.Release|Any CPU.ActiveCfg = Release|Any CPU
		{03B86FCF-685B-4F8D-A5E3-00BDC150A9C7}.Release|Any CPU.Build.0 = Release|Any CPU
		{3F867933-6AC5-47DE-995B-B73376872643}.Debug|Any CPU.ActiveCfg = Debug|Any CPU
		{3F867933-6AC5-47DE-995B-B73376872643}.Debug|Any CPU.Build.0 = Debug|Any CPU
		{3F867933-6AC5-47DE-995B-B73376872643}.Release|Any CPU.ActiveCfg = Release|Any CPU
		{3F867933-6AC5-47DE-995B-B73376872643}.Release|Any CPU.Build.0 = Release|Any CPU
		{6CD3EBE9-7351-424E-A7FA-075BB850737B}.Debug|Any CPU.ActiveCfg = Debug|Any CPU
		{6CD3EBE9-7351-424E-A7FA-075BB850737B}.Debug|Any CPU.Build.0 = Debug|Any CPU
		{6CD3EBE9-7351-424E-A7FA-075BB850737B}.Release|Any CPU.ActiveCfg = Release|Any CPU
		{6CD3EBE9-7351-424E-A7FA-075BB850737B}.Release|Any CPU.Build.0 = Release|Any CPU
	EndGlobalSection
	GlobalSection(SolutionProperties) = preSolution
		HideSolutionNode = FALSE
	EndGlobalSection
	GlobalSection(ExtensibilityGlobals) = postSolution
		SolutionGuid = {A0BE6E12-33F3-45C5-A4D7-C703A50757CC}
	EndGlobalSection
EndGlobal
